
Microsoft Visual Studio Solution File, Format Version 12.00
# Visual Studio Version 18
VisualStudioVersion = 18.5.11709.299 stable
MinimumVisualStudioVersion = 10.0.40219.1
Project("{FAE04EC0-301F-11D3-BF4B-00C04F79EFBC}") = "OLRTLabSim", "OLRTLabSim.csproj", "{276EAD26-F35B-3290-7C01-420E2604B45E}"
EndProject
Global
	GlobalSection(SolutionConfigurationPlatforms) = preSolution
		Debug|Any CPU = Debug|Any CPU
		Release|Any CPU = Release|Any CPU
	EndGlobalSection
	GlobalSection(ProjectConfigurationPlatforms) = postSolution
		{276EAD26-F35B-3290-7C01-420E2604B45E}.Debug|Any CPU.ActiveCfg = Debug|Any CPU
		{276EAD26-F35B-3290-7C01-420E2604B45E}.Debug|Any CPU.Build.0 = Debug|Any CPU
		{276EAD26-F35B-3290-7C01-420E2604B45E}.Release|Any CPU.ActiveCfg = Release|Any CPU
		{276EAD26-F35B-3290-7C01-420E2604B45E}.Release|Any CPU.Build.0 = Release|Any CPU
	EndGlobalSection
	GlobalSection(SolutionProperties) = preSolution
		HideSolutionNode = FALSE
	EndGlobalSection
	GlobalSection(ExtensibilityGlobals) = postSolution
		SolutionGuid = {4239B108-7F90-4791-A7CC-965C78F2EE33}
	EndGlobalSection
EndGlobal
